// !$*UTF8*$!
{
	archiveVersion = 1;
	classes = {
	};
	objectVersion = 56;
	objects = {

/* Begin PBXBuildFile section */
		237214332A38900200C2CF28 /* AppDelegate.swift in Sources */ = {isa = PBXBuildFile; fileRef = 237214322A38900200C2CF28 /* AppDelegate.swift */; };
		237214352A38900200C2CF28 /* SceneDelegate.swift in Sources */ = {isa = PBXBuildFile; fileRef = 237214342A38900200C2CF28 /* SceneDelegate.swift */; };
		237214372A38900200C2CF28 /* SearchCityViewController.swift in Sources */ = {isa = PBXBuildFile; fileRef = 237214362A38900200C2CF28 /* SearchCityViewController.swift */; };
		2372143A2A38900200C2CF28 /* Main.storyboard in Resources */ = {isa = PBXBuildFile; fileRef = 237214382A38900200C2CF28 /* Main.storyboard */; };
		2372143C2A38900400C2CF28 /* Assets.xcassets in Resources */ = {isa = PBXBuildFile; fileRef = 2372143B2A38900400C2CF28 /* Assets.xcassets */; };
		2372143F2A38900400C2CF28 /* LaunchScreen.storyboard in Resources */ = {isa = PBXBuildFile; fileRef = 2372143D2A38900400C2CF28 /* LaunchScreen.storyboard */; };
		237214492A389F5000C2CF28 /* SearchCityViewModel.swift in Sources */ = {isa = PBXBuildFile; fileRef = 237214482A389F5000C2CF28 /* SearchCityViewModel.swift */; };
		2372144C2A38A6FD00C2CF28 /* SearchCityCoordinator.swift in Sources */ = {isa = PBXBuildFile; fileRef = 2372144B2A38A6FD00C2CF28 /* SearchCityCoordinator.swift */; };
		2372144E2A38A72700C2CF28 /* Coordinator.swift in Sources */ = {isa = PBXBuildFile; fileRef = 2372144D2A38A72700C2CF28 /* Coordinator.swift */; };
		237214502A38A85900C2CF28 /* BaseCoordinator.swift in Sources */ = {isa = PBXBuildFile; fileRef = 2372144F2A38A85900C2CF28 /* BaseCoordinator.swift */; };
		237214532A38A96000C2CF28 /* Storyboarable.swift in Sources */ = {isa = PBXBuildFile; fileRef = 237214522A38A96000C2CF28 /* Storyboarable.swift */; };
		237214552A38AF6B00C2CF28 /* AppCoordinator.swift in Sources */ = {isa = PBXBuildFile; fileRef = 237214542A38AF6B00C2CF28 /* AppCoordinator.swift */; };
		237214592A38BB8B00C2CF28 /* HttpRouter.swift in Sources */ = {isa = PBXBuildFile; fileRef = 237214582A38BB8B00C2CF28 /* HttpRouter.swift */; };
		2372145B2A38BD7000C2CF28 /* HttpService.swift in Sources */ = {isa = PBXBuildFile; fileRef = 2372145A2A38BD7000C2CF28 /* HttpService.swift */; };
		2372145D2A38C2BB00C2CF28 /* AirportHttpService.swift in Sources */ = {isa = PBXBuildFile; fileRef = 2372145C2A38C2BB00C2CF28 /* AirportHttpService.swift */; };
		2372145F2A38C39600C2CF28 /* AirportHttpRouter.swift in Sources */ = {isa = PBXBuildFile; fileRef = 2372145E2A38C39600C2CF28 /* AirportHttpRouter.swift */; };
		237214612A38CB5800C2CF28 /* AirportService.swift in Sources */ = {isa = PBXBuildFile; fileRef = 237214602A38CB5800C2CF28 /* AirportService.swift */; };
		237214632A38CB9000C2CF28 /* AirportAPI.swift in Sources */ = {isa = PBXBuildFile; fileRef = 237214622A38CB9000C2CF28 /* AirportAPI.swift */; };
		237214662A38CE5100C2CF28 /* AirportModel.swift in Sources */ = {isa = PBXBuildFile; fileRef = 237214652A38CE5100C2CF28 /* AirportModel.swift */; };
		237214682A38DFED00C2CF28 /* CustomError.swift in Sources */ = {isa = PBXBuildFile; fileRef = 237214672A38DFED00C2CF28 /* CustomError.swift */; };
		2372146A2A39172A00C2CF28 /* CityViewModel.swift in Sources */ = {isa = PBXBuildFile; fileRef = 237214692A39172A00C2CF28 /* CityViewModel.swift */; };
		2372146E2A39215000C2CF28 /* CityCell.swift in Sources */ = {isa = PBXBuildFile; fileRef = 2372146C2A39214F00C2CF28 /* CityCell.swift */; };
		2372146F2A39215000C2CF28 /* CityCell.xib in Resources */ = {isa = PBXBuildFile; fileRef = 2372146D2A39215000C2CF28 /* CityCell.xib */; };
		237214712A3A1C0600C2CF28 /* AirportsViewController.swift in Sources */ = {isa = PBXBuildFile; fileRef = 237214702A3A1C0600C2CF28 /* AirportsViewController.swift */; };
		237214732A3A1CE000C2CF28 /* AirportsViewModel.swift in Sources */ = {isa = PBXBuildFile; fileRef = 237214722A3A1CE000C2CF28 /* AirportsViewModel.swift */; };
		237214752A3A2A5C00C2CF28 /* AirportsCoordinator.swift in Sources */ = {isa = PBXBuildFile; fileRef = 237214742A3A2A5C00C2CF28 /* AirportsCoordinator.swift */; };
		2372147A2A3A5C5900C2CF28 /* AirportCell.swift in Sources */ = {isa = PBXBuildFile; fileRef = 237214782A3A5C5900C2CF28 /* AirportCell.swift */; };
		2372147B2A3A5C5900C2CF28 /* AirportCell.xib in Resources */ = {isa = PBXBuildFile; fileRef = 237214792A3A5C5900C2CF28 /* AirportCell.xib */; };
		2372147D2A3A5FEB00C2CF28 /* AirportViewModel.swift in Sources */ = {isa = PBXBuildFile; fileRef = 2372147C2A3A5FEB00C2CF28 /* AirportViewModel.swift */; };
		DDBC71799A064BCA0C50E098 /* Pods_CityAirportSearch.framework in Frameworks */ = {isa = PBXBuildFile; fileRef = D700712B3C90D511BABB921E /* Pods_CityAirportSearch.framework */; };
/* End PBXBuildFile section */

/* Begin PBXFileReference section */
		2372142F2A38900200C2CF28 /* CityAirportSearch.app */ = {isa = PBXFileReference; explicitFileType = wrapper.application; includeInIndex = 0; path = CityAirportSearch.app; sourceTree = BUILT_PRODUCTS_DIR; };
		237214322A38900200C2CF28 /* AppDelegate.swift */ = {isa = PBXFileReference; lastKnownFileType = sourcecode.swift; path = AppDelegate.swift; sourceTree = "<group>"; };
		237214342A38900200C2CF28 /* SceneDelegate.swift */ = {isa = PBXFileReference; lastKnownFileType = sourcecode.swift; path = SceneDelegate.swift; sourceTree = "<group>"; };
		237214362A38900200C2CF28 /* SearchCityViewController.swift */ = {isa = PBXFileReference; lastKnownFileType = sourcecode.swift; path = SearchCityViewController.swift; sourceTree = "<group>"; };
		237214392A38900200C2CF28 /* Base */ = {isa = PBXFileReference; lastKnownFileType = file.storyboard; name = Base; path = Base.lproj/Main.storyboard; sourceTree = "<group>"; };
		2372143B2A38900400C2CF28 /* Assets.xcassets */ = {isa = PBXFileReference; lastKnownFileType = folder.assetcatalog; path = Assets.xcassets; sourceTree = "<group>"; };
		2372143E2A38900400C2CF28 /* Base */ = {isa = PBXFileReference; lastKnownFileType = file.storyboard; name = Base; path = Base.lproj/LaunchScreen.storyboard; sourceTree = "<group>"; };
		237214402A38900400C2CF28 /* Info.plist */ = {isa = PBXFileReference; lastKnownFileType = text.plist.xml; path = Info.plist; sourceTree = "<group>"; };
		237214482A389F5000C2CF28 /* SearchCityViewModel.swift */ = {isa = PBXFileReference; lastKnownFileType = sourcecode.swift; path = SearchCityViewModel.swift; sourceTree = "<group>"; };
		2372144B2A38A6FD00C2CF28 /* SearchCityCoordinator.swift */ = {isa = PBXFileReference; lastKnownFileType = sourcecode.swift; path = SearchCityCoordinator.swift; sourceTree = "<group>"; };
		2372144D2A38A72700C2CF28 /* Coordinator.swift */ = {isa = PBXFileReference; lastKnownFileType = sourcecode.swift; path = Coordinator.swift; sourceTree = "<group>"; };
		2372144F2A38A85900C2CF28 /* BaseCoordinator.swift */ = {isa = PBXFileReference; lastKnownFileType = sourcecode.swift; path = BaseCoordinator.swift; sourceTree = "<group>"; };
		237214522A38A96000C2CF28 /* Storyboarable.swift */ = {isa = PBXFileReference; lastKnownFileType = sourcecode.swift; path = Storyboarable.swift; sourceTree = "<group>"; };
		237214542A38AF6B00C2CF28 /* AppCoordinator.swift */ = {isa = PBXFileReference; lastKnownFileType = sourcecode.swift; path = AppCoordinator.swift; sourceTree = "<group>"; };
		237214582A38BB8B00C2CF28 /* HttpRouter.swift */ = {isa = PBXFileReference; lastKnownFileType = sourcecode.swift; path = HttpRouter.swift; sourceTree = "<group>"; };
		2372145A2A38BD7000C2CF28 /* HttpService.swift */ = {isa = PBXFileReference; lastKnownFileType = sourcecode.swift; path = HttpService.swift; sourceTree = "<group>"; };
		2372145C2A38C2BB00C2CF28 /* AirportHttpService.swift */ = {isa = PBXFileReference; lastKnownFileType = sourcecode.swift; path = AirportHttpService.swift; sourceTree = "<group>"; };
		2372145E2A38C39600C2CF28 /* AirportHttpRouter.swift */ = {isa = PBXFileReference; lastKnownFileType = sourcecode.swift; path = AirportHttpRouter.swift; sourceTree = "<group>"; };
		237214602A38CB5800C2CF28 /* AirportService.swift */ = {isa = PBXFileReference; lastKnownFileType = sourcecode.swift; path = AirportService.swift; sourceTree = "<group>"; };
		237214622A38CB9000C2CF28 /* AirportAPI.swift */ = {isa = PBXFileReference; lastKnownFileType = sourcecode.swift; path = AirportAPI.swift; sourceTree = "<group>"; };
		237214652A38CE5100C2CF28 /* AirportModel.swift */ = {isa = PBXFileReference; lastKnownFileType = sourcecode.swift; path = AirportModel.swift; sourceTree = "<group>"; };
		237214672A38DFED00C2CF28 /* CustomError.swift */ = {isa = PBXFileReference; lastKnownFileType = sourcecode.swift; path = CustomError.swift; sourceTree = "<group>"; };
		237214692A39172A00C2CF28 /* CityViewModel.swift */ = {isa = PBXFileReference; lastKnownFileType = sourcecode.swift; path = CityViewModel.swift; sourceTree = "<group>"; };
		2372146C2A39214F00C2CF28 /* CityCell.swift */ = {isa = PBXFileReference; lastKnownFileType = sourcecode.swift; path = CityCell.swift; sourceTree = "<group>"; };
		2372146D2A39215000C2CF28 /* CityCell.xib */ = {isa = PBXFileReference; lastKnownFileType = file.xib; path = CityCell.xib; sourceTree = "<group>"; };
		237214702A3A1C0600C2CF28 /* AirportsViewController.swift */ = {isa = PBXFileReference; lastKnownFileType = sourcecode.swift; path = AirportsViewController.swift; sourceTree = "<group>"; };
		237214722A3A1CE000C2CF28 /* AirportsViewModel.swift */ = {isa = PBXFileReference; lastKnownFileType = sourcecode.swift; path = AirportsViewModel.swift; sourceTree = "<group>"; };
		237214742A3A2A5C00C2CF28 /* AirportsCoordinator.swift */ = {isa = PBXFileReference; lastKnownFileType = sourcecode.swift; path = AirportsCoordinator.swift; sourceTree = "<group>"; };
		237214782A3A5C5900C2CF28 /* AirportCell.swift */ = {isa = PBXFileReference; lastKnownFileType = sourcecode.swift; path = AirportCell.swift; sourceTree = "<group>"; };
		237214792A3A5C5900C2CF28 /* AirportCell.xib */ = {isa = PBXFileReference; lastKnownFileType = file.xib; path = AirportCell.xib; sourceTree = "<group>"; };
		2372147C2A3A5FEB00C2CF28 /* AirportViewModel.swift */ = {isa = PBXFileReference; lastKnownFileType = sourcecode.swift; path = AirportViewModel.swift; sourceTree = "<group>"; };
		88EC9C0A8C0C25E1B435792C /* Pods-CityAirportSearch.debug.xcconfig */ = {isa = PBXFileReference; includeInIndex = 1; lastKnownFileType = text.xcconfig; name = "Pods-CityAirportSearch.debug.xcconfig"; path = "Target Support Files/Pods-CityAirportSearch/Pods-CityAirportSearch.debug.xcconfig"; sourceTree = "<group>"; };
		B06440CC96860276CE3B7480 /* Pods-CityAirportSearch.release.xcconfig */ = {isa = PBXFileReference; includeInIndex = 1; lastKnownFileType = text.xcconfig; name = "Pods-CityAirportSearch.release.xcconfig"; path = "Target Support Files/Pods-CityAirportSearch/Pods-CityAirportSearch.release.xcconfig"; sourceTree = "<group>"; };
		D700712B3C90D511BABB921E /* Pods_CityAirportSearch.framework */ = {isa = PBXFileReference; explicitFileType = wrapper.framework; includeInIndex = 0; path = Pods_CityAirportSearch.framework; sourceTree = BUILT_PRODUCTS_DIR; };
/* End PBXFileReference section */

/* Begin PBXFrameworksBuildPhase section */
		2372142C2A38900200C2CF28 /* Frameworks */ = {
			isa = PBXFrameworksBuildPhase;
			buildActionMask = 2147483647;
			files = (
				DDBC71799A064BCA0C50E098 /* Pods_CityAirportSearch.framework in Frameworks */,
			);
			runOnlyForDeploymentPostprocessing = 0;
		};
/* End PBXFrameworksBuildPhase section */

/* Begin PBXGroup section */
		237214262A38900200C2CF28 = {
			isa = PBXGroup;
			children = (
				237214312A38900200C2CF28 /* CityAirportSearch */,
				237214302A38900200C2CF28 /* Products */,
				8AB38A1A1A0E59678E3308A5 /* Pods */,
				36BBB7EBC7644100249E2B97 /* Frameworks */,
			);
			sourceTree = "<group>";
		};
		237214302A38900200C2CF28 /* Products */ = {
			isa = PBXGroup;
			children = (
				2372142F2A38900200C2CF28 /* CityAirportSearch.app */,
			);
			name = Products;
			sourceTree = "<group>";
		};
		237214312A38900200C2CF28 /* CityAirportSearch */ = {
			isa = PBXGroup;
			children = (
				237214642A38CE4000C2CF28 /* Model */,
				237214562A38BB6600C2CF28 /* Service */,
				237214512A38A93700C2CF28 /* Shared */,
				2372144A2A38A6E500C2CF28 /* Coordinator */,
				237214472A389E6200C2CF28 /* ViewModel */,
				237214462A389DC000C2CF28 /* View */,
				237214322A38900200C2CF28 /* AppDelegate.swift */,
				237214342A38900200C2CF28 /* SceneDelegate.swift */,
				237214382A38900200C2CF28 /* Main.storyboard */,
				2372143B2A38900400C2CF28 /* Assets.xcassets */,
				2372143D2A38900400C2CF28 /* LaunchScreen.storyboard */,
				237214402A38900400C2CF28 /* Info.plist */,
			);
			path = CityAirportSearch;
			sourceTree = "<group>";
		};
		237214462A389DC000C2CF28 /* View */ = {
			isa = PBXGroup;
			children = (
				2372146B2A39212700C2CF28 /* Cell */,
				237214362A38900200C2CF28 /* SearchCityViewController.swift */,
				237214702A3A1C0600C2CF28 /* AirportsViewController.swift */,
			);
			path = View;
			sourceTree = "<group>";
		};
		237214472A389E6200C2CF28 /* ViewModel */ = {
			isa = PBXGroup;
			children = (
				237214482A389F5000C2CF28 /* SearchCityViewModel.swift */,
				2372147C2A3A5FEB00C2CF28 /* AirportViewModel.swift */,
				237214692A39172A00C2CF28 /* CityViewModel.swift */,
				237214722A3A1CE000C2CF28 /* AirportsViewModel.swift */,
			);
			path = ViewModel;
			sourceTree = "<group>";
		};
		2372144A2A38A6E500C2CF28 /* Coordinator */ = {
			isa = PBXGroup;
			children = (
				2372144B2A38A6FD00C2CF28 /* SearchCityCoordinator.swift */,
				237214742A3A2A5C00C2CF28 /* AirportsCoordinator.swift */,
				2372144F2A38A85900C2CF28 /* BaseCoordinator.swift */,
				2372144D2A38A72700C2CF28 /* Coordinator.swift */,
				237214542A38AF6B00C2CF28 /* AppCoordinator.swift */,
			);
			path = Coordinator;
			sourceTree = "<group>";
		};
		237214512A38A93700C2CF28 /* Shared */ = {
			isa = PBXGroup;
			children = (
				237214522A38A96000C2CF28 /* Storyboarable.swift */,
			);
			path = Shared;
			sourceTree = "<group>";
		};
		237214562A38BB6600C2CF28 /* Service */ = {
			isa = PBXGroup;
			children = (
				237214572A38BB6D00C2CF28 /* Http */,
				237214602A38CB5800C2CF28 /* AirportService.swift */,
				237214622A38CB9000C2CF28 /* AirportAPI.swift */,
			);
			path = Service;
			sourceTree = "<group>";
		};
		237214572A38BB6D00C2CF28 /* Http */ = {
			isa = PBXGroup;
			children = (
				237214582A38BB8B00C2CF28 /* HttpRouter.swift */,
				2372145A2A38BD7000C2CF28 /* HttpService.swift */,
				2372145C2A38C2BB00C2CF28 /* AirportHttpService.swift */,
				2372145E2A38C39600C2CF28 /* AirportHttpRouter.swift */,
			);
			path = Http;
			sourceTree = "<group>";
		};
		237214642A38CE4000C2CF28 /* Model */ = {
			isa = PBXGroup;
			children = (
				237214652A38CE5100C2CF28 /* AirportModel.swift */,
				237214672A38DFED00C2CF28 /* CustomError.swift */,
			);
			path = Model;
			sourceTree = "<group>";
		};
		2372146B2A39212700C2CF28 /* Cell */ = {
			isa = PBXGroup;
			children = (
				2372146C2A39214F00C2CF28 /* CityCell.swift */,
				2372146D2A39215000C2CF28 /* CityCell.xib */,
				237214782A3A5C5900C2CF28 /* AirportCell.swift */,
				237214792A3A5C5900C2CF28 /* AirportCell.xib */,
			);
			path = Cell;
			sourceTree = "<group>";
		};
		36BBB7EBC7644100249E2B97 /* Frameworks */ = {
			isa = PBXGroup;
			children = (
				D700712B3C90D511BABB921E /* Pods_CityAirportSearch.framework */,
			);
			name = Frameworks;
			sourceTree = "<group>";
		};
		8AB38A1A1A0E59678E3308A5 /* Pods */ = {
			isa = PBXGroup;
			children = (
				88EC9C0A8C0C25E1B435792C /* Pods-CityAirportSearch.debug.xcconfig */,
				B06440CC96860276CE3B7480 /* Pods-CityAirportSearch.release.xcconfig */,
			);
			path = Pods;
			sourceTree = "<group>";
		};
/* End PBXGroup section */

/* Begin PBXNativeTarget section */
		2372142E2A38900200C2CF28 /* CityAirportSearch */ = {
			isa = PBXNativeTarget;
			buildConfigurationList = 237214432A38900400C2CF28 /* Build configuration list for PBXNativeTarget "CityAirportSearch" */;
			buildPhases = (
				8D370C3B5CA4957D68F3DC4A /* [CP] Check Pods Manifest.lock */,
				2372142B2A38900200C2CF28 /* Sources */,
				2372142C2A38900200C2CF28 /* Frameworks */,
				2372142D2A38900200C2CF28 /* Resources */,
				C629A6FFECB5BE58836AAD6F /* [CP] Embed Pods Frameworks */,
			);
			buildRules = (
			);
			dependencies = (
			);
			name = CityAirportSearch;
			productName = CityAirportSearch;
			productReference = 2372142F2A38900200C2CF28 /* CityAirportSearch.app */;
			productType = "com.apple.product-type.application";
		};
/* End PBXNativeTarget section */

/* Begin PBXProject section */
		237214272A38900200C2CF28 /* Project object */ = {
			isa = PBXProject;
			attributes = {
				BuildIndependentTargetsInParallel = 1;
				LastSwiftUpdateCheck = 1430;
				LastUpgradeCheck = 1430;
				TargetAttributes = {
					2372142E2A38900200C2CF28 = {
						CreatedOnToolsVersion = 14.3.1;
					};
				};
			};
			buildConfigurationList = 2372142A2A38900200C2CF28 /* Build configuration list for PBXProject "CityAirportSearch" */;
			compatibilityVersion = "Xcode 14.0";
			developmentRegion = en;
			hasScannedForEncodings = 0;
			knownRegions = (
				en,
				Base,
			);
			mainGroup = 237214262A38900200C2CF28;
			productRefGroup = 237214302A38900200C2CF28 /* Products */;
			projectDirPath = "";
			projectRoot = "";
			targets = (
				2372142E2A38900200C2CF28 /* CityAirportSearch */,
			);
		};
/* End PBXProject section */

/* Begin PBXResourcesBuildPhase section */
		2372142D2A38900200C2CF28 /* Resources */ = {
			isa = PBXResourcesBuildPhase;
			buildActionMask = 2147483647;
			files = (
				2372143F2A38900400C2CF28 /* LaunchScreen.storyboard in Resources */,
				2372143C2A38900400C2CF28 /* Assets.xcassets in Resources */,
				2372146F2A39215000C2CF28 /* CityCell.xib in Resources */,
				2372143A2A38900200C2CF28 /* Main.storyboard in Resources */,
				2372147B2A3A5C5900C2CF28 /* AirportCell.xib in Resources */,
			);
			runOnlyForDeploymentPostprocessing = 0;
		};
/* End PBXResourcesBuildPhase section */

/* Begin PBXShellScriptBuildPhase section */
		8D370C3B5CA4957D68F3DC4A /* [CP] Check Pods Manifest.lock */ = {
			isa = PBXShellScriptBuildPhase;
			buildActionMask = 2147483647;
			files = (
			);
			inputFileListPaths = (
			);
			inputPaths = (
				"${PODS_PODFILE_DIR_PATH}/Podfile.lock",
				"${PODS_ROOT}/Manifest.lock",
			);
			name = "[CP] Check Pods Manifest.lock";
			outputFileListPaths = (
			);
			outputPaths = (
				"$(DERIVED_FILE_DIR)/Pods-CityAirportSearch-checkManifestLockResult.txt",
			);
			runOnlyForDeploymentPostprocessing = 0;
			shellPath = /bin/sh;
			shellScript = "diff \"${PODS_PODFILE_DIR_PATH}/Podfile.lock\" \"${PODS_ROOT}/Manifest.lock\" > /dev/null\nif [ $? != 0 ] ; then\n    # print error to STDERR\n    echo \"error: The sandbox is not in sync with the Podfile.lock. Run 'pod install' or update your CocoaPods installation.\" >&2\n    exit 1\nfi\n# This output is used by Xcode 'outputs' to avoid re-running this script phase.\necho \"SUCCESS\" > \"${SCRIPT_OUTPUT_FILE_0}\"\n";
			showEnvVarsInLog = 0;
		};
		C629A6FFECB5BE58836AAD6F /* [CP] Embed Pods Frameworks */ = {
			isa = PBXShellScriptBuildPhase;
			buildActionMask = 2147483647;
			files = (
			);
			inputFileListPaths = (
				"${PODS_ROOT}/Target Support Files/Pods-CityAirportSearch/Pods-CityAirportSearch-frameworks-${CONFIGURATION}-input-files.xcfilelist",
			);
			name = "[CP] Embed Pods Frameworks";
			outputFileListPaths = (
				"${PODS_ROOT}/Target Support Files/Pods-CityAirportSearch/Pods-CityAirportSearch-frameworks-${CONFIGURATION}-output-files.xcfilelist",
			);
			runOnlyForDeploymentPostprocessing = 0;
			shellPath = /bin/sh;
			shellScript = "\"${PODS_ROOT}/Target Support Files/Pods-CityAirportSearch/Pods-CityAirportSearch-frameworks.sh\"\n";
			showEnvVarsInLog = 0;
		};
/* End PBXShellScriptBuildPhase section */

/* Begin PBXSourcesBuildPhase section */
		2372142B2A38900200C2CF28 /* Sources */ = {
			isa = PBXSourcesBuildPhase;
			buildActionMask = 2147483647;
			files = (
				2372146E2A39215000C2CF28 /* CityCell.swift in Sources */,
				237214372A38900200C2CF28 /* SearchCityViewController.swift in Sources */,
				237214752A3A2A5C00C2CF28 /* AirportsCoordinator.swift in Sources */,
				2372145F2A38C39600C2CF28 /* AirportHttpRouter.swift in Sources */,
				237214682A38DFED00C2CF28 /* CustomError.swift in Sources */,
				2372145B2A38BD7000C2CF28 /* HttpService.swift in Sources */,
				237214332A38900200C2CF28 /* AppDelegate.swift in Sources */,
				237214592A38BB8B00C2CF28 /* HttpRouter.swift in Sources */,
				2372144E2A38A72700C2CF28 /* Coordinator.swift in Sources */,
				2372146A2A39172A00C2CF28 /* CityViewModel.swift in Sources */,
				2372145D2A38C2BB00C2CF28 /* AirportHttpService.swift in Sources */,
				237214352A38900200C2CF28 /* SceneDelegate.swift in Sources */,
				237214502A38A85900C2CF28 /* BaseCoordinator.swift in Sources */,
				237214492A389F5000C2CF28 /* SearchCityViewModel.swift in Sources */,
				2372147D2A3A5FEB00C2CF28 /* AirportViewModel.swift in Sources */,
				237214632A38CB9000C2CF28 /* AirportAPI.swift in Sources */,
				237214712A3A1C0600C2CF28 /* AirportsViewController.swift in Sources */,
				237214732A3A1CE000C2CF28 /* AirportsViewModel.swift in Sources */,
				2372147A2A3A5C5900C2CF28 /* AirportCell.swift in Sources */,
				237214552A38AF6B00C2CF28 /* AppCoordinator.swift in Sources */,
				2372144C2A38A6FD00C2CF28 /* SearchCityCoordinator.swift in Sources */,
				237214532A38A96000C2CF28 /* Storyboarable.swift in Sources */,
				237214612A38CB5800C2CF28 /* AirportService.swift in Sources */,
				237214662A38CE5100C2CF28 /* AirportModel.swift in Sources */,
			);
			runOnlyForDeploymentPostprocessing = 0;
		};
/* End PBXSourcesBuildPhase section */

/* Begin PBXVariantGroup section */
		237214382A38900200C2CF28 /* Main.storyboard */ = {
			isa = PBXVariantGroup;
			children = (
				237214392A38900200C2CF28 /* Base */,
			);
			name = Main.storyboard;
			sourceTree = "<group>";
		};
		2372143D2A38900400C2CF28 /* LaunchScreen.storyboard */ = {
			isa = PBXVariantGroup;
			children = (
				2372143E2A38900400C2CF28 /* Base */,
			);
			name = LaunchScreen.storyboard;
			sourceTree = "<group>";
		};
/* End PBXVariantGroup section */

/* Begin XCBuildConfiguration section */
		237214412A38900400C2CF28 /* Debug */ = {
			isa = XCBuildConfiguration;
			buildSettings = {
				ALWAYS_SEARCH_USER_PATHS = NO;
				CLANG_ANALYZER_NONNULL = YES;
				CLANG_ANALYZER_NUMBER_OBJECT_CONVERSION = YES_AGGRESSIVE;
				CLANG_CXX_LANGUAGE_STANDARD = "gnu++20";
				CLANG_ENABLE_MODULES = YES;
				CLANG_ENABLE_OBJC_ARC = YES;
				CLANG_ENABLE_OBJC_WEAK = YES;
				CLANG_WARN_BLOCK_CAPTURE_AUTORELEASING = YES;
				CLANG_WARN_BOOL_CONVERSION = YES;
				CLANG_WARN_COMMA = YES;
				CLANG_WARN_CONSTANT_CONVERSION = YES;
				CLANG_WARN_DEPRECATED_OBJC_IMPLEMENTATIONS = YES;
				CLANG_WARN_DIRECT_OBJC_ISA_USAGE = YES_ERROR;
				CLANG_WARN_DOCUMENTATION_COMMENTS = YES;
				CLANG_WARN_EMPTY_BODY = YES;
				CLANG_WARN_ENUM_CONVERSION = YES;
				CLANG_WARN_INFINITE_RECURSION = YES;
				CLANG_WARN_INT_CONVERSION = YES;
				CLANG_WARN_NON_LITERAL_NULL_CONVERSION = YES;
				CLANG_WARN_OBJC_IMPLICIT_RETAIN_SELF = YES;
				CLANG_WARN_OBJC_LITERAL_CONVERSION = YES;
				CLANG_WARN_OBJC_ROOT_CLASS = YES_ERROR;
				CLANG_WARN_QUOTED_INCLUDE_IN_FRAMEWORK_HEADER = YES;
				CLANG_WARN_RANGE_LOOP_ANALYSIS = YES;
				CLANG_WARN_STRICT_PROTOTYPES = YES;
				CLANG_WARN_SUSPICIOUS_MOVE = YES;
				CLANG_WARN_UNGUARDED_AVAILABILITY = YES_AGGRESSIVE;
				CLANG_WARN_UNREACHABLE_CODE = YES;
				CLANG_WARN__DUPLICATE_METHOD_MATCH = YES;
				COPY_PHASE_STRIP = NO;
				DEBUG_INFORMATION_FORMAT = dwarf;
				ENABLE_STRICT_OBJC_MSGSEND = YES;
				ENABLE_TESTABILITY = YES;
				GCC_C_LANGUAGE_STANDARD = gnu11;
				GCC_DYNAMIC_NO_PIC = NO;
				GCC_NO_COMMON_BLOCKS = YES;
				GCC_OPTIMIZATION_LEVEL = 0;
				GCC_PREPROCESSOR_DEFINITIONS = (
					"DEBUG=1",
					"$(inherited)",
				);
				GCC_WARN_64_TO_32_BIT_CONVERSION = YES;
				GCC_WARN_ABOUT_RETURN_TYPE = YES_ERROR;
				GCC_WARN_UNDECLARED_SELECTOR = YES;
				GCC_WARN_UNINITIALIZED_AUTOS = YES_AGGRESSIVE;
				GCC_WARN_UNUSED_FUNCTION = YES;
				GCC_WARN_UNUSED_VARIABLE = YES;
				IPHONEOS_DEPLOYMENT_TARGET = 16.4;
				MTL_ENABLE_DEBUG_INFO = INCLUDE_SOURCE;
				MTL_FAST_MATH = YES;
				ONLY_ACTIVE_ARCH = YES;
				SDKROOT = iphoneos;
				SWIFT_ACTIVE_COMPILATION_CONDITIONS = DEBUG;
				SWIFT_OPTIMIZATION_LEVEL = "-Onone";
			};
			name = Debug;
		};
		237214422A38900400C2CF28 /* Release */ = {
			isa = XCBuildConfiguration;
			buildSettings = {
				ALWAYS_SEARCH_USER_PATHS = NO;
				CLANG_ANALYZER_NONNULL = YES;
				CLANG_ANALYZER_NUMBER_OBJECT_CONVERSION = YES_AGGRESSIVE;
				CLANG_CXX_LANGUAGE_STANDARD = "gnu++20";
				CLANG_ENABLE_MODULES = YES;
				CLANG_ENABLE_OBJC_ARC = YES;
				CLANG_ENABLE_OBJC_WEAK = YES;
				CLANG_WARN_BLOCK_CAPTURE_AUTORELEASING = YES;
				CLANG_WARN_BOOL_CONVERSION = YES;
				CLANG_WARN_COMMA = YES;
				CLANG_WARN_CONSTANT_CONVERSION = YES;
				CLANG_WARN_DEPRECATED_OBJC_IMPLEMENTATIONS = YES;
				CLANG_WARN_DIRECT_OBJC_ISA_USAGE = YES_ERROR;
				CLANG_WARN_DOCUMENTATION_COMMENTS = YES;
				CLANG_WARN_EMPTY_BODY = YES;
				CLANG_WARN_ENUM_CONVERSION = YES;
				CLANG_WARN_INFINITE_RECURSION = YES;
				CLANG_WARN_INT_CONVERSION = YES;
				CLANG_WARN_NON_LITERAL_NULL_CONVERSION = YES;
				CLANG_WARN_OBJC_IMPLICIT_RETAIN_SELF = YES;
				CLANG_WARN_OBJC_LITERAL_CONVERSION = YES;
				CLANG_WARN_OBJC_ROOT_CLASS = YES_ERROR;
				CLANG_WARN_QUOTED_INCLUDE_IN_FRAMEWORK_HEADER = YES;
				CLANG_WARN_RANGE_LOOP_ANALYSIS = YES;
				CLANG_WARN_STRICT_PROTOTYPES = YES;
				CLANG_WARN_SUSPICIOUS_MOVE = YES;
				CLANG_WARN_UNGUARDED_AVAILABILITY = YES_AGGRESSIVE;
				CLANG_WARN_UNREACHABLE_CODE = YES;
				CLANG_WARN__DUPLICATE_METHOD_MATCH = YES;
				COPY_PHASE_STRIP = NO;
				DEBUG_INFORMATION_FORMAT = "dwarf-with-dsym";
				ENABLE_NS_ASSERTIONS = NO;
				ENABLE_STRICT_OBJC_MSGSEND = YES;
				GCC_C_LANGUAGE_STANDARD = gnu11;
				GCC_NO_COMMON_BLOCKS = YES;
				GCC_WARN_64_TO_32_BIT_CONVERSION = YES;
				GCC_WARN_ABOUT_RETURN_TYPE = YES_ERROR;
				GCC_WARN_UNDECLARED_SELECTOR = YES;
				GCC_WARN_UNINITIALIZED_AUTOS = YES_AGGRESSIVE;
				GCC_WARN_UNUSED_FUNCTION = YES;
				GCC_WARN_UNUSED_VARIABLE = YES;
				IPHONEOS_DEPLOYMENT_TARGET = 16.4;
				MTL_ENABLE_DEBUG_INFO = NO;
				MTL_FAST_MATH = YES;
				SDKROOT = iphoneos;
				SWIFT_COMPILATION_MODE = wholemodule;
				SWIFT_OPTIMIZATION_LEVEL = "-O";
				VALIDATE_PRODUCT = YES;
			};
			name = Release;
		};
		237214442A38900400C2CF28 /* Debug */ = {
			isa = XCBuildConfiguration;
			baseConfigurationReference = 88EC9C0A8C0C25E1B435792C /* Pods-CityAirportSearch.debug.xcconfig */;
			buildSettings = {
				ASSETCATALOG_COMPILER_APPICON_NAME = AppIcon;
				ASSETCATALOG_COMPILER_GLOBAL_ACCENT_COLOR_NAME = AccentColor;
				CODE_SIGN_STYLE = Automatic;
				CURRENT_PROJECT_VERSION = 1;
				DEVELOPMENT_TEAM = H6B86YYVQ7;
				GENERATE_INFOPLIST_FILE = YES;
				INFOPLIST_FILE = CityAirportSearch/Info.plist;
				INFOPLIST_KEY_UIApplicationSupportsIndirectInputEvents = YES;
				INFOPLIST_KEY_UILaunchStoryboardName = LaunchScreen;
				INFOPLIST_KEY_UIMainStoryboardFile = Main;
				INFOPLIST_KEY_UISupportedInterfaceOrientations_iPad = "UIInterfaceOrientationPortrait UIInterfaceOrientationPortraitUpsideDown UIInterfaceOrientationLandscapeLeft UIInterfaceOrientationLandscapeRight";
				INFOPLIST_KEY_UISupportedInterfaceOrientations_iPhone = "UIInterfaceOrientationPortrait UIInterfaceOrientationLandscapeLeft UIInterfaceOrientationLandscapeRight";
				LD_RUNPATH_SEARCH_PATHS = (
					"$(inherited)",
					"@executable_path/Frameworks",
				);
				MARKETING_VERSION = 1.0;
				PRODUCT_BUNDLE_IDENTIFIER = magicCorp.CityAirportSearch;
				PRODUCT_NAME = "$(TARGET_NAME)";
				SWIFT_EMIT_LOC_STRINGS = YES;
				SWIFT_VERSION = 5.0;
				TARGETED_DEVICE_FAMILY = "1,2";
			};
			name = Debug;
		};
		237214452A38900400C2CF28 /* Release */ = {
			isa = XCBuildConfiguration;
			baseConfigurationReference = B06440CC96860276CE3B7480 /* Pods-CityAirportSearch.release.xcconfig */;
			buildSettings = {
				ASSETCATALOG_COMPILER_APPICON_NAME = AppIcon;
				ASSETCATALOG_COMPILER_GLOBAL_ACCENT_COLOR_NAME = AccentColor;
				CODE_SIGN_STYLE = Automatic;
				CURRENT_PROJECT_VERSION = 1;
				DEVELOPMENT_TEAM = H6B86YYVQ7;
				GENERATE_INFOPLIST_FILE = YES;
				INFOPLIST_FILE = CityAirportSearch/Info.plist;
				INFOPLIST_KEY_UIApplicationSupportsIndirectInputEvents = YES;
				INFOPLIST_KEY_UILaunchStoryboardName = LaunchScreen;
				INFOPLIST_KEY_UIMainStoryboardFile = Main;
				INFOPLIST_KEY_UISupportedInterfaceOrientations_iPad = "UIInterfaceOrientationPortrait UIInterfaceOrientationPortraitUpsideDown UIInterfaceOrientationLandscapeLeft UIInterfaceOrientationLandscapeRight";
				INFOPLIST_KEY_UISupportedInterfaceOrientations_iPhone = "UIInterfaceOrientationPortrait UIInterfaceOrientationLandscapeLeft UIInterfaceOrientationLandscapeRight";
				LD_RUNPATH_SEARCH_PATHS = (
					"$(inherited)",
					"@executable_path/Frameworks",
				);
				MARKETING_VERSION = 1.0;
				PRODUCT_BUNDLE_IDENTIFIER = magicCorp.CityAirportSearch;
				PRODUCT_NAME = "$(TARGET_NAME)";
				SWIFT_EMIT_LOC_STRINGS = YES;
				SWIFT_VERSION = 5.0;
				TARGETED_DEVICE_FAMILY = "1,2";
			};
			name = Release;
		};
/* End XCBuildConfiguration section */

/* Begin XCConfigurationList section */
		2372142A2A38900200C2CF28 /* Build configuration list for PBXProject "CityAirportSearch" */ = {
			isa = XCConfigurationList;
			buildConfigurations = (
				237214412A38900400C2CF28 /* Debug */,
				237214422A38900400C2CF28 /* Release */,
			);
			defaultConfigurationIsVisible = 0;
			defaultConfigurationName = Release;
		};
		237214432A38900400C2CF28 /* Build configuration list for PBXNativeTarget "CityAirportSearch" */ = {
			isa = XCConfigurationList;
			buildConfigurations = (
				237214442A38900400C2CF28 /* Debug */,
				237214452A38900400C2CF28 /* Release */,
			);
			defaultConfigurationIsVisible = 0;
			defaultConfigurationName = Release;
		};
/* End XCConfigurationList section */
	};
	rootObject = 237214272A38900200C2CF28 /* Project object */;
}
